PODS:
  - Nimble (3.2.0)
  - Quick (0.9.3)
  - SwiftExtensions (0.1.0)

DEPENDENCIES:
  - Nimble (~> 3.0)
  - Quick (~> 0.8)
  - SwiftExtensions (from `../`)

EXTERNAL SOURCES:
  SwiftExtensions:
    :path: ../

SPEC CHECKSUMS:
  Nimble: 703854335d181df169bbca9c97117b5cf8c47c1d
  Quick: 13a2a2b19a5d8e3ed4fd0c36ee46597fd77ebf71
  SwiftExtensions: 94107970688db2c0d56feb0a0705814189b4f483

PODFILE CHECKSUM: 69511ae2b31f2a40852a1407f5e239e0f406ba2e

COCOAPODS: 1.0.1
